github.com/NYTimes/gziphandler v1.1.1 h1:ZUDjpQae29j0ryrS0u/B8HZfJBtBQHjqw2rQ2cqUQ3I=
github.com/NYTimes/gziphandler v1.1.1/go.mod h1:n/CVRwUEOgIxrgPvAQhUUr9oeUtvrhMomdKFjzJNB0c=
github.com/davecgh/go-spew v1.1.0 h1:ZDRjVQ15GmhC3fiQ8ni8+OwkZQO4DARzQgrnXU1Liz8=
github.com/davecgh/go-spew v1.1.0/go.mod h1:J7Y8YcW2NihsgmVo/mv3lAwl/skON4iLHjSsI+c5H38=
github.com/mattn/go-sqlite3 v1.14.22 h1:2gZY6PC6kBnID23Tichd1K+Z0oS6nE/XwU+Vz/5o4kU=
github.com/mattn/go-sqlite3 v1.14.22/go.mod h1:Uh1q+B4BYcTPb+yiD3kU8Ct7aC0hY9fxUwlHK0RXw+Y=
github.com/mwat56/apachelogger v1.6.3 h1:OduPW/xJe2z3x1PFBZ6uPMBR20nMR6NXP8kfutCnn5A=
github.com/mwat56/apachelogger v1.6.3/go.mod h1:ANhhXo3mFyU0KxT41RHlrlo1qWd+EI9pT/nnXCqPJK8=
github.com/mwat56/cssfs v0.2.7 h1:E0QTfPSoeSmCc9BoawjPeYz9s+xoOiXBLOtn5c4tWqo=
github.com/mwat56/cssfs v0.2.7/go.mod h1:QZZQgr/xHfPz3wiuHDAu7QSqKqcSYedl+U+9mHomoIM=
github.com/mwat56/errorhandler v1.1.10 h1:9GjWProT46aDPOOSZzBxfovc8qXnNyi7k2QkdvUP0+Y=
github.com/mwat56/errorhandler v1.1.10/go.mod h1:6HTjjfV37jf2x6z5aP0UujPVaOmPdsuof8wd/YyUUZw=
github.com/mwat56/ini v1.5.4 h1:Z1xKMtOeigtIaMn7BeVPPPgOlCwzfeFHDfUeCAZRf64=
github.com/mwat56/ini v1.5.4/go.mod h1:drPCRTy7svoauu4kYP2D0SFS49CBzGsO+RM9fsw7fNQ=
github.com/mwat56/jffs v0.1.4 h1:4Dbt31spDYf3s0A79DURBsd6RwCCLS9nUClSjY8ga0Y=
github.com/mwat56/jffs v0.1.4/go.mod h1:C2SvB8sfhFpWgF2MRdjpzZDJ9Bh1+diBu7hI/we2VOg=
github.com/mwat56/passlist v1.3.10 h1:R8UEadQU0wu8hFrSdoqOIY6vE62Q0ph7KqJhHUwl09M=
github.com/mwat56/passlist v1.3.10/go.mod h1:FC7W8XmtsehKvT4Ulyon4/QoWxaXdOLJKLMcwXBR2e8=
github.com/mwat56/sessions v0.3.15 h1:MUWJYh/ovIFMfoIkbh86tspuy2ym3s47ckE3bAwTIyg=
github.com/mwat56/sessions v0.3.15/go.mod h1:LzInAMHRpi7mkkmjcxgwZCPmkswXf6fHV1M6z9NL2fI=
github.com/mwat56/whitespace v0.2.5 h1:MrszDjqJs4PyC3D13JDQkrcP79G7olP/sm+bcwRqp+k=
github.com/mwat56/whitespace v0.2.5/go.mod h1:nb8HrnPjNWFgHT3ARSKrQlghGsemLUdb37AG/p+kqf8=
github.com/nfnt/resize v0.0.0-20180221191011-83c6a9932646 h1:zYyBkD/k9seD2A7fsi6Oo2LfFZAehjjQMERAvZLEDnQ=
github.com/nfnt/resize v0.0.0-20180221191011-83c6a9932646/go.mod h1:jpp1/29i3P1S/RLdc7JQKbRpFeM1dOBd8T9ki5s+AY8=
github.com/pmezard/go-difflib v1.0.0 h1:4DBwDE0NGyQoBHbLQYPwSUPoCMWR5BEzIk/f1lZbAQM=
github.com/pmezard/go-difflib v1.0.0/go.mod h1:iKH77koFhYxTK1pcRnkKkqfTogsbg7gZNVY4sRDYZ/4=
github.com/stretchr/objx v0.1.0/go.mod h1:HFkY916IF+rwdDfMAkV7OtwuqBVzrE8GR6GFx+wExME=
github.com/stretchr/testify v1.3.0 h1:TivCn/peBQ7UY8ooIcPgZFpTNSz0Q2U6UrFlUfqbe0Q=
github.com/stretchr/testify v1.3.0/go.mod h1:M5WIy9Dh21IEIfnGCwXGc5bZfKNJtfHm1UVUgZn+9EI=
golang.org/x/crypto v0.21.0 h1:X31++rzVUdKhX5sWmSOFZxx8UW/ldWx55cbf08iNAMA=
golang.org/x/crypto v0.21.0/go.mod h1:0BP7YvVV9gBbVKyeTG0Gyn+gZm94bibOW5BjDEYAOMs=
golang.org/x/sys v0.18.0 h1:DBdB3niSjOA/O0blCZBqDefyWNYveAYMNF1Wum0DYQ4=
golang.org/x/sys v0.18.0/go.mod h1:/VUhepiaJMQUp4+oa/7Zr1D23ma6VTLIYjOOTFZPUcA=
golang.org/x/term v0.18.0 h1:FcHjZXDMxI8mM3nwhX9HlKop4C0YQvCVCdwYl2wOtE8=
golang.org/x/term v0.18.0/go.mod h1:ILwASektA3OnRv7amZ1xhE/KTR+u50pbXfZ03+6Nx58=
