github.com/mattn/go-sqlite3 v1.14.19 h1:fhGleo2h1p8tVChob4I9HpmVFIAkKGpiukdrgQbWfGI=
github.com/mattn/go-sqlite3 v1.14.19/go.mod h1:2eHXhiwb8IkHr+BDWZGa96P6+rkvnG63S2DGjv9HUNg=
github.com/mwat56/apachelogger v1.6.3 h1:OduPW/xJe2z3x1PFBZ6uPMBR20nMR6NXP8kfutCnn5A=
github.com/mwat56/apachelogger v1.6.3/go.mod h1:ANhhXo3mFyU0KxT41RHlrlo1qWd+EI9pT/nnXCqPJK8=
